
Microsoft Visual Studio Solution File, Format Version 12.00
# Visual Studio Version 17
VisualStudioVersion = 17.5.002.0
MinimumVisualStudioVersion = 10.0.40219.1
Project("{9A19103F-16F7-4668-BE54-9A1E7A4F7556}") = "Order", "Order.csproj", "{05349792-6CDF-4185-972E-BFE70AAD128A}"
EndProject
Global
	GlobalSection(SolutionConfigurationPlatforms) = preSolution
		Debug|Any CPU = Debug|Any CPU
		Release|Any CPU = Release|Any CPU
	EndGlobalSection
	GlobalSection(ProjectConfigurationPlatforms) = postSolution
		{05349792-6CDF-4185-972E-BFE70AAD128A}.Debug|Any CPU.ActiveCfg = Debug|Any CPU
		{05349792-6CDF-4185-972E-BFE70AAD128A}.Debug|Any CPU.Build.0 = Debug|Any CPU
		{05349792-6CDF-4185-972E-BFE70AAD128A}.Release|Any CPU.ActiveCfg = Release|Any CPU
		{05349792-6CDF-4185-972E-BFE70AAD128A}.Release|Any CPU.Build.0 = Release|Any CPU
	EndGlobalSection
	GlobalSection(SolutionProperties) = preSolution
		HideSolutionNode = FALSE
	EndGlobalSection
	GlobalSection(ExtensibilityGlobals) = postSolution
		SolutionGuid = {558BF639-5E29-4C5A-B581-E117B4F08C60}
	EndGlobalSection
EndGlobal
